// !$*UTF8*$!
{
	archiveVersion = 1;
	classes = {
	};
	objectVersion = 50;
	objects = {

/* Begin PBXBuildFile section */
		916F38D320C2CC6000C989AC /* AppDelegate.m in Sources */ = {isa = PBXBuildFile; fileRef = 916F38D220C2CC6000C989AC /* AppDelegate.m */; };
		916F38D620C2CC6000C989AC /* ViewController.m in Sources */ = {isa = PBXBuildFile; fileRef = 916F38D520C2CC6000C989AC /* ViewController.m */; };
		916F38D920C2CC6000C989AC /* Main.storyboard in Resources */ = {isa = PBXBuildFile; fileRef = 916F38D720C2CC6000C989AC /* Main.storyboard */; };
		916F38DB20C2CC6100C989AC /* Assets.xcassets in Resources */ = {isa = PBXBuildFile; fileRef = 916F38DA20C2CC6100C989AC /* Assets.xcassets */; };
		916F38DE20C2CC6100C989AC /* LaunchScreen.storyboard in Resources */ = {isa = PBXBuildFile; fileRef = 916F38DC20C2CC6100C989AC /* LaunchScreen.storyboard */; };
		916F38E120C2CC6100C989AC /* main.m in Sources */ = {isa = PBXBuildFile; fileRef = 916F38E020C2CC6100C989AC /* main.m */; };
		916F38FE20C2CF5E00C989AC /* KLCache.m in Sources */ = {isa = PBXBuildFile; fileRef = 916F38F020C2CF5D00C989AC /* KLCache.m */; };
		916F38FF20C2CF5E00C989AC /* KLTools.m in Sources */ = {isa = PBXBuildFile; fileRef = 916F38F220C2CF5D00C989AC /* KLTools.m */; };
		916F390020C2CF5E00C989AC /* KLSlideView.m in Sources */ = {isa = PBXBuildFile; fileRef = 916F38F420C2CF5D00C989AC /* KLSlideView.m */; };
		916F390120C2CF5E00C989AC /* KLContainView.m in Sources */ = {isa = PBXBuildFile; fileRef = 916F38F620C2CF5E00C989AC /* KLContainView.m */; };
		916F390220C2CF5E00C989AC /* KLImageTabbarView.m in Sources */ = {isa = PBXBuildFile; fileRef = 916F38F720C2CF5E00C989AC /* KLImageTabbarView.m */; };
		916F390320C2CF5E00C989AC /* KLTitleTabbarView.m in Sources */ = {isa = PBXBuildFile; fileRef = 916F38F820C2CF5E00C989AC /* KLTitleTabbarView.m */; };
		916F390D20C2E5A400C989AC /* PageViewController.m in Sources */ = {isa = PBXBuildFile; fileRef = 916F390920C2E5A300C989AC /* PageViewController.m */; };
		916F390E20C2E5A400C989AC /* KLSlideTitleViewController.m in Sources */ = {isa = PBXBuildFile; fileRef = 916F390A20C2E5A300C989AC /* KLSlideTitleViewController.m */; };
		916F390F20C2E5A400C989AC /* KLSlideImageViewController.m in Sources */ = {isa = PBXBuildFile; fileRef = 916F390B20C2E5A400C989AC /* KLSlideImageViewController.m */; };
		B8AC2CC64B721391D0BBC64C /* libPods-KLSlideView.a in Frameworks */ = {isa = PBXBuildFile; fileRef = CF3CCDB478D5147F0B838ADF /* libPods-KLSlideView.a */; };
/* End PBXBuildFile section */

/* Begin PBXFileReference section */
		010F5454AF991917D533DC06 /* Pods-KLSlideView.debug.xcconfig */ = {isa = PBXFileReference; includeInIndex = 1; lastKnownFileType = text.xcconfig; name = "Pods-KLSlideView.debug.xcconfig"; path = "Pods/Target Support Files/Pods-KLSlideView/Pods-KLSlideView.debug.xcconfig"; sourceTree = "<group>"; };
		916F38CE20C2CC6000C989AC /* KLSlideView.app */ = {isa = PBXFileReference; explicitFileType = wrapper.application; includeInIndex = 0; path = KLSlideView.app; sourceTree = BUILT_PRODUCTS_DIR; };
		916F38D120C2CC6000C989AC /* AppDelegate.h */ = {isa = PBXFileReference; lastKnownFileType = sourcecode.c.h; path = AppDelegate.h; sourceTree = "<group>"; };
		916F38D220C2CC6000C989AC /* AppDelegate.m */ = {isa = PBXFileReference; lastKnownFileType = sourcecode.c.objc; path = AppDelegate.m; sourceTree = "<group>"; };
		916F38D420C2CC6000C989AC /* ViewController.h */ = {isa = PBXFileReference; lastKnownFileType = sourcecode.c.h; path = ViewController.h; sourceTree = "<group>"; };
		916F38D520C2CC6000C989AC /* ViewController.m */ = {isa = PBXFileReference; lastKnownFileType = sourcecode.c.objc; path = ViewController.m; sourceTree = "<group>"; };
		916F38D820C2CC6000C989AC /* Base */ = {isa = PBXFileReference; lastKnownFileType = file.storyboard; name = Base; path = Base.lproj/Main.storyboard; sourceTree = "<group>"; };
		916F38DA20C2CC6100C989AC /* Assets.xcassets */ = {isa = PBXFileReference; lastKnownFileType = folder.assetcatalog; path = Assets.xcassets; sourceTree = "<group>"; };
		916F38DD20C2CC6100C989AC /* Base */ = {isa = PBXFileReference; lastKnownFileType = file.storyboard; name = Base; path = Base.lproj/LaunchScreen.storyboard; sourceTree = "<group>"; };
		916F38DF20C2CC6100C989AC /* Info.plist */ = {isa = PBXFileReference; lastKnownFileType = text.plist.xml; path = Info.plist; sourceTree = "<group>"; };
		916F38E020C2CC6100C989AC /* main.m */ = {isa = PBXFileReference; lastKnownFileType = sourcecode.c.objc; path = main.m; sourceTree = "<group>"; };
		916F38EF20C2CF5D00C989AC /* KLTools.h */ = {isa = PBXFileReference; fileEncoding = 4; lastKnownFileType = sourcecode.c.h; path = KLTools.h; sourceTree = "<group>"; };
		916F38F020C2CF5D00C989AC /* KLCache.m */ = {isa = PBXFileReference; fileEncoding = 4; lastKnownFileType = sourcecode.c.objc; path = KLCache.m; sourceTree = "<group>"; };
		916F38F120C2CF5D00C989AC /* KLCacheProtocol.h */ = {isa = PBXFileReference; fileEncoding = 4; lastKnownFileType = sourcecode.c.h; path = KLCacheProtocol.h; sourceTree = "<group>"; };
		916F38F220C2CF5D00C989AC /* KLTools.m */ = {isa = PBXFileReference; fileEncoding = 4; lastKnownFileType = sourcecode.c.objc; path = KLTools.m; sourceTree = "<group>"; };
		916F38F320C2CF5D00C989AC /* KLCache.h */ = {isa = PBXFileReference; fileEncoding = 4; lastKnownFileType = sourcecode.c.h; path = KLCache.h; sourceTree = "<group>"; };
		916F38F420C2CF5D00C989AC /* KLSlideView.m */ = {isa = PBXFileReference; fileEncoding = 4; lastKnownFileType = sourcecode.c.objc; path = KLSlideView.m; sourceTree = "<group>"; };
		916F38F620C2CF5E00C989AC /* KLContainView.m */ = {isa = PBXFileReference; fileEncoding = 4; lastKnownFileType = sourcecode.c.objc; path = KLContainView.m; sourceTree = "<group>"; };
		916F38F720C2CF5E00C989AC /* KLImageTabbarView.m */ = {isa = PBXFileReference; fileEncoding = 4; lastKnownFileType = sourcecode.c.objc; path = KLImageTabbarView.m; sourceTree = "<group>"; };
		916F38F820C2CF5E00C989AC /* KLTitleTabbarView.m */ = {isa = PBXFileReference; fileEncoding = 4; lastKnownFileType = sourcecode.c.objc; path = KLTitleTabbarView.m; sourceTree = "<group>"; };
		916F38F920C2CF5E00C989AC /* KLTabbarViewProtocol.h */ = {isa = PBXFileReference; fileEncoding = 4; lastKnownFileType = sourcecode.c.h; path = KLTabbarViewProtocol.h; sourceTree = "<group>"; };
		916F38FA20C2CF5E00C989AC /* KLContainView.h */ = {isa = PBXFileReference; fileEncoding = 4; lastKnownFileType = sourcecode.c.h; path = KLContainView.h; sourceTree = "<group>"; };
		916F38FB20C2CF5E00C989AC /* KLImageTabbarView.h */ = {isa = PBXFileReference; fileEncoding = 4; lastKnownFileType = sourcecode.c.h; path = KLImageTabbarView.h; sourceTree = "<group>"; };
		916F38FC20C2CF5E00C989AC /* KLTitleTabbarView.h */ = {isa = PBXFileReference; fileEncoding = 4; lastKnownFileType = sourcecode.c.h; path = KLTitleTabbarView.h; sourceTree = "<group>"; };
		916F38FD20C2CF5E00C989AC /* KLSlideView.h */ = {isa = PBXFileReference; fileEncoding = 4; lastKnownFileType = sourcecode.c.h; path = KLSlideView.h; sourceTree = "<group>"; };
		916F390720C2E5A300C989AC /* KLSlideTitleViewController.h */ = {isa = PBXFileReference; fileEncoding = 4; lastKnownFileType = sourcecode.c.h; path = KLSlideTitleViewController.h; sourceTree = "<group>"; };
		916F390820C2E5A300C989AC /* KLSlideImageViewController.h */ = {isa = PBXFileReference; fileEncoding = 4; lastKnownFileType = sourcecode.c.h; path = KLSlideImageViewController.h; sourceTree = "<group>"; };
		916F390920C2E5A300C989AC /* PageViewController.m */ = {isa = PBXFileReference; fileEncoding = 4; lastKnownFileType = sourcecode.c.objc; path = PageViewController.m; sourceTree = "<group>"; };
		916F390A20C2E5A300C989AC /* KLSlideTitleViewController.m */ = {isa = PBXFileReference; fileEncoding = 4; lastKnownFileType = sourcecode.c.objc; path = KLSlideTitleViewController.m; sourceTree = "<group>"; };
		916F390B20C2E5A400C989AC /* KLSlideImageViewController.m */ = {isa = PBXFileReference; fileEncoding = 4; lastKnownFileType = sourcecode.c.objc; path = KLSlideImageViewController.m; sourceTree = "<group>"; };
		916F390C20C2E5A400C989AC /* PageViewController.h */ = {isa = PBXFileReference; fileEncoding = 4; lastKnownFileType = sourcecode.c.h; path = PageViewController.h; sourceTree = "<group>"; };
		916F391320C3842100C989AC /* PrefixHeader.pch */ = {isa = PBXFileReference; lastKnownFileType = sourcecode.c.h; path = PrefixHeader.pch; sourceTree = "<group>"; };
		CF3CCDB478D5147F0B838ADF /* libPods-KLSlideView.a */ = {isa = PBXFileReference; explicitFileType = archive.ar; includeInIndex = 0; path = "libPods-KLSlideView.a"; sourceTree = BUILT_PRODUCTS_DIR; };
		EF824D720221C3102B012BC2 /* Pods-KLSlideView.release.xcconfig */ = {isa = PBXFileReference; includeInIndex = 1; lastKnownFileType = text.xcconfig; name = "Pods-KLSlideView.release.xcconfig"; path = "Pods/Target Support Files/Pods-KLSlideView/Pods-KLSlideView.release.xcconfig"; sourceTree = "<group>"; };
/* End PBXFileReference section */

/* Begin PBXFrameworksBuildPhase section */
		916F38CB20C2CC6000C989AC /* Frameworks */ = {
			isa = PBXFrameworksBuildPhase;
			buildActionMask = 2147483647;
			files = (
				B8AC2CC64B721391D0BBC64C /* libPods-KLSlideView.a in Frameworks */,
			);
			runOnlyForDeploymentPostprocessing = 0;
		};
/* End PBXFrameworksBuildPhase section */

/* Begin PBXGroup section */
		1817200885FABBB263BFCD54 /* Pods */ = {
			isa = PBXGroup;
			children = (
				010F5454AF991917D533DC06 /* Pods-KLSlideView.debug.xcconfig */,
				EF824D720221C3102B012BC2 /* Pods-KLSlideView.release.xcconfig */,
			);
			name = Pods;
			sourceTree = "<group>";
		};
		916F38C520C2CC6000C989AC = {
			isa = PBXGroup;
			children = (
				916F38D020C2CC6000C989AC /* KLSlideView */,
				916F38CF20C2CC6000C989AC /* Products */,
				1817200885FABBB263BFCD54 /* Pods */,
				F9F98EC2A38931F33363059D /* Frameworks */,
			);
			sourceTree = "<group>";
		};
		916F38CF20C2CC6000C989AC /* Products */ = {
			isa = PBXGroup;
			children = (
				916F38CE20C2CC6000C989AC /* KLSlideView.app */,
			);
			name = Products;
			sourceTree = "<group>";
		};
		916F38D020C2CC6000C989AC /* KLSlideView */ = {
			isa = PBXGroup;
			children = (
				916F38ED20C2CF5D00C989AC /* Classes */,
				916F38D120C2CC6000C989AC /* AppDelegate.h */,
				916F38D220C2CC6000C989AC /* AppDelegate.m */,
				916F38D420C2CC6000C989AC /* ViewController.h */,
				916F38D520C2CC6000C989AC /* ViewController.m */,
				916F390820C2E5A300C989AC /* KLSlideImageViewController.h */,
				916F390B20C2E5A400C989AC /* KLSlideImageViewController.m */,
				916F390720C2E5A300C989AC /* KLSlideTitleViewController.h */,
				916F390A20C2E5A300C989AC /* KLSlideTitleViewController.m */,
				916F390C20C2E5A400C989AC /* PageViewController.h */,
				916F390920C2E5A300C989AC /* PageViewController.m */,
				916F38D720C2CC6000C989AC /* Main.storyboard */,
				916F38DA20C2CC6100C989AC /* Assets.xcassets */,
				916F38DC20C2CC6100C989AC /* LaunchScreen.storyboard */,
				916F38DF20C2CC6100C989AC /* Info.plist */,
				916F38E020C2CC6100C989AC /* main.m */,
				916F391320C3842100C989AC /* PrefixHeader.pch */,
			);
			path = KLSlideView;
			sourceTree = "<group>";
		};
		916F38ED20C2CF5D00C989AC /* Classes */ = {
			isa = PBXGroup;
			children = (
				916F38FD20C2CF5E00C989AC /* KLSlideView.h */,
				916F38F420C2CF5D00C989AC /* KLSlideView.m */,
				916F38FA20C2CF5E00C989AC /* KLContainView.h */,
				916F38F620C2CF5E00C989AC /* KLContainView.m */,
				916F38FC20C2CF5E00C989AC /* KLTitleTabbarView.h */,
				916F38F820C2CF5E00C989AC /* KLTitleTabbarView.m */,
				916F38FB20C2CF5E00C989AC /* KLImageTabbarView.h */,
				916F38F720C2CF5E00C989AC /* KLImageTabbarView.m */,
				916F38F920C2CF5E00C989AC /* KLTabbarViewProtocol.h */,
				916F38EE20C2CF5D00C989AC /* Tools */,
			);
			path = Classes;
			sourceTree = "<group>";
		};
		916F38EE20C2CF5D00C989AC /* Tools */ = {
			isa = PBXGroup;
			children = (
				916F38F120C2CF5D00C989AC /* KLCacheProtocol.h */,
				916F38F320C2CF5D00C989AC /* KLCache.h */,
				916F38F020C2CF5D00C989AC /* KLCache.m */,
				916F38EF20C2CF5D00C989AC /* KLTools.h */,
				916F38F220C2CF5D00C989AC /* KLTools.m */,
			);
			path = Tools;
			sourceTree = "<group>";
		};
		F9F98EC2A38931F33363059D /* Frameworks */ = {
			isa = PBXGroup;
			children = (
				CF3CCDB478D5147F0B838ADF /* libPods-KLSlideView.a */,
			);
			name = Frameworks;
			sourceTree = "<group>";
		};
/* End PBXGroup section */

/* Begin PBXNativeTarget section */
		916F38CD20C2CC6000C989AC /* KLSlideView */ = {
			isa = PBXNativeTarget;
			buildConfigurationList = 916F38E420C2CC6100C989AC /* Build configuration list for PBXNativeTarget "KLSlideView" */;
			buildPhases = (
				D947E0713279B62EB3DFFCF1 /* [CP] Check Pods Manifest.lock */,
				916F38CA20C2CC6000C989AC /* Sources */,
				916F38CB20C2CC6000C989AC /* Frameworks */,
				916F38CC20C2CC6000C989AC /* Resources */,
			);
			buildRules = (
			);
			dependencies = (
			);
			name = KLSlideView;
			productName = KLSlideView;
			productReference = 916F38CE20C2CC6000C989AC /* KLSlideView.app */;
			productType = "com.apple.product-type.application";
		};
/* End PBXNativeTarget section */

/* Begin PBXProject section */
		916F38C620C2CC6000C989AC /* Project object */ = {
			isa = PBXProject;
			attributes = {
				LastUpgradeCheck = 0940;
				ORGANIZATIONNAME = developer;
				TargetAttributes = {
					916F38CD20C2CC6000C989AC = {
						CreatedOnToolsVersion = 9.4;
					};
				};
			};
			buildConfigurationList = 916F38C920C2CC6000C989AC /* Build configuration list for PBXProject "KLSlideView" */;
			compatibilityVersion = "Xcode 9.3";
			developmentRegion = en;
			hasScannedForEncodings = 0;
			knownRegions = (
				en,
				Base,
			);
			mainGroup = 916F38C520C2CC6000C989AC;
			productRefGroup = 916F38CF20C2CC6000C989AC /* Products */;
			projectDirPath = "";
			projectRoot = "";
			targets = (
				916F38CD20C2CC6000C989AC /* KLSlideView */,
			);
		};
/* End PBXProject section */

/* Begin PBXResourcesBuildPhase section */
		916F38CC20C2CC6000C989AC /* Resources */ = {
			isa = PBXResourcesBuildPhase;
			buildActionMask = 2147483647;
			files = (
				916F38DE20C2CC6100C989AC /* LaunchScreen.storyboard in Resources */,
				916F38DB20C2CC6100C989AC /* Assets.xcassets in Resources */,
				916F38D920C2CC6000C989AC /* Main.storyboard in Resources */,
			);
			runOnlyForDeploymentPostprocessing = 0;
		};
/* End PBXResourcesBuildPhase section */

/* Begin PBXShellScriptBuildPhase section */
		D947E0713279B62EB3DFFCF1 /* [CP] Check Pods Manifest.lock */ = {
			isa = PBXShellScriptBuildPhase;
			buildActionMask = 2147483647;
			files = (
			);
			inputPaths = (
				"${PODS_PODFILE_DIR_PATH}/Podfile.lock",
				"${PODS_ROOT}/Manifest.lock",
			);
			name = "[CP] Check Pods Manifest.lock";
			outputPaths = (
				"$(DERIVED_FILE_DIR)/Pods-KLSlideView-checkManifestLockResult.txt",
			);
			runOnlyForDeploymentPostprocessing = 0;
			shellPath = /bin/sh;
			shellScript = "diff \"${PODS_PODFILE_DIR_PATH}/Podfile.lock\" \"${PODS_ROOT}/Manifest.lock\" > /dev/null\nif [ $? != 0 ] ; then\n    # print error to STDERR\n    echo \"error: The sandbox is not in sync with the Podfile.lock. Run 'pod install' or update your CocoaPods installation.\" >&2\n    exit 1\nfi\n# This output is used by Xcode 'outputs' to avoid re-running this script phase.\necho \"SUCCESS\" > \"${SCRIPT_OUTPUT_FILE_0}\"\n";
			showEnvVarsInLog = 0;
		};
/* End PBXShellScriptBuildPhase section */

/* Begin PBXSourcesBuildPhase section */
		916F38CA20C2CC6000C989AC /* Sources */ = {
			isa = PBXSourcesBuildPhase;
			buildActionMask = 2147483647;
			files = (
				916F38D620C2CC6000C989AC /* ViewController.m in Sources */,
				916F38E120C2CC6100C989AC /* main.m in Sources */,
				916F390320C2CF5E00C989AC /* KLTitleTabbarView.m in Sources */,
				916F390D20C2E5A400C989AC /* PageViewController.m in Sources */,
				916F390F20C2E5A400C989AC /* KLSlideImageViewController.m in Sources */,
				916F390220C2CF5E00C989AC /* KLImageTabbarView.m in Sources */,
				916F390E20C2E5A400C989AC /* KLSlideTitleViewController.m in Sources */,
				916F390120C2CF5E00C989AC /* KLContainView.m in Sources */,
				916F390020C2CF5E00C989AC /* KLSlideView.m in Sources */,
				916F38FE20C2CF5E00C989AC /* KLCache.m in Sources */,
				916F38FF20C2CF5E00C989AC /* KLTools.m in Sources */,
				916F38D320C2CC6000C989AC /* AppDelegate.m in Sources */,
			);
			runOnlyForDeploymentPostprocessing = 0;
		};
/* End PBXSourcesBuildPhase section */

/* Begin PBXVariantGroup section */
		916F38D720C2CC6000C989AC /* Main.storyboard */ = {
			isa = PBXVariantGroup;
			children = (
				916F38D820C2CC6000C989AC /* Base */,
			);
			name = Main.storyboard;
			sourceTree = "<group>";
		};
		916F38DC20C2CC6100C989AC /* LaunchScreen.storyboard */ = {
			isa = PBXVariantGroup;
			children = (
				916F38DD20C2CC6100C989AC /* Base */,
			);
			name = LaunchScreen.storyboard;
			sourceTree = "<group>";
		};
/* End PBXVariantGroup section */

/* Begin XCBuildConfiguration section */
		916F38E220C2CC6100C989AC /* Debug */ = {
			isa = XCBuildConfiguration;
			buildSettings = {
				ALWAYS_SEARCH_USER_PATHS = NO;
				CLANG_ANALYZER_NONNULL = YES;
				CLANG_ANALYZER_NUMBER_OBJECT_CONVERSION = YES_AGGRESSIVE;
				CLANG_CXX_LANGUAGE_STANDARD = "gnu++14";
				CLANG_CXX_LIBRARY = "libc++";
				CLANG_ENABLE_MODULES = YES;
				CLANG_ENABLE_OBJC_ARC = YES;
				CLANG_ENABLE_OBJC_WEAK = YES;
				CLANG_WARN_BLOCK_CAPTURE_AUTORELEASING = YES;
				CLANG_WARN_BOOL_CONVERSION = YES;
				CLANG_WARN_COMMA = YES;
				CLANG_WARN_CONSTANT_CONVERSION = YES;
				CLANG_WARN_DEPRECATED_OBJC_IMPLEMENTATIONS = YES;
				CLANG_WARN_DIRECT_OBJC_ISA_USAGE = YES_ERROR;
				CLANG_WARN_DOCUMENTATION_COMMENTS = YES;
				CLANG_WARN_EMPTY_BODY = YES;
				CLANG_WARN_ENUM_CONVERSION = YES;
				CLANG_WARN_INFINITE_RECURSION = YES;
				CLANG_WARN_INT_CONVERSION = YES;
				CLANG_WARN_NON_LITERAL_NULL_CONVERSION = YES;
				CLANG_WARN_OBJC_IMPLICIT_RETAIN_SELF = YES;
				CLANG_WARN_OBJC_LITERAL_CONVERSION = YES;
				CLANG_WARN_OBJC_ROOT_CLASS = YES_ERROR;
				CLANG_WARN_RANGE_LOOP_ANALYSIS = YES;
				CLANG_WARN_STRICT_PROTOTYPES = YES;
				CLANG_WARN_SUSPICIOUS_MOVE = YES;
				CLANG_WARN_UNGUARDED_AVAILABILITY = YES_AGGRESSIVE;
				CLANG_WARN_UNREACHABLE_CODE = YES;
				CLANG_WARN__DUPLICATE_METHOD_MATCH = YES;
				CODE_SIGN_IDENTITY = "iPhone Developer";
				COPY_PHASE_STRIP = NO;
				DEBUG_INFORMATION_FORMAT = dwarf;
				ENABLE_STRICT_OBJC_MSGSEND = YES;
				ENABLE_TESTABILITY = YES;
				GCC_C_LANGUAGE_STANDARD = gnu11;
				GCC_DYNAMIC_NO_PIC = NO;
				GCC_NO_COMMON_BLOCKS = YES;
				GCC_OPTIMIZATION_LEVEL = 0;
				GCC_PREPROCESSOR_DEFINITIONS = (
					"DEBUG=1",
					"$(inherited)",
				);
				GCC_WARN_64_TO_32_BIT_CONVERSION = YES;
				GCC_WARN_ABOUT_RETURN_TYPE = YES_ERROR;
				GCC_WARN_UNDECLARED_SELECTOR = YES;
				GCC_WARN_UNINITIALIZED_AUTOS = YES_AGGRESSIVE;
				GCC_WARN_UNUSED_FUNCTION = YES;
				GCC_WARN_UNUSED_VARIABLE = YES;
				IPHONEOS_DEPLOYMENT_TARGET = 11.4;
				MTL_ENABLE_DEBUG_INFO = YES;
				ONLY_ACTIVE_ARCH = YES;
				SDKROOT = iphoneos;
			};
			name = Debug;
		};
		916F38E320C2CC6100C989AC /* Release */ = {
			isa = XCBuildConfiguration;
			buildSettings = {
				ALWAYS_SEARCH_USER_PATHS = NO;
				CLANG_ANALYZER_NONNULL = YES;
				CLANG_ANALYZER_NUMBER_OBJECT_CONVERSION = YES_AGGRESSIVE;
				CLANG_CXX_LANGUAGE_STANDARD = "gnu++14";
				CLANG_CXX_LIBRARY = "libc++";
				CLANG_ENABLE_MODULES = YES;
				CLANG_ENABLE_OBJC_ARC = YES;
				CLANG_ENABLE_OBJC_WEAK = YES;
				CLANG_WARN_BLOCK_CAPTURE_AUTORELEASING = YES;
				CLANG_WARN_BOOL_CONVERSION = YES;
				CLANG_WARN_COMMA = YES;
				CLANG_WARN_CONSTANT_CONVERSION = YES;
				CLANG_WARN_DEPRECATED_OBJC_IMPLEMENTATIONS = YES;
				CLANG_WARN_DIRECT_OBJC_ISA_USAGE = YES_ERROR;
				CLANG_WARN_DOCUMENTATION_COMMENTS = YES;
				CLANG_WARN_EMPTY_BODY = YES;
				CLANG_WARN_ENUM_CONVERSION = YES;
				CLANG_WARN_INFINITE_RECURSION = YES;
				CLANG_WARN_INT_CONVERSION = YES;
				CLANG_WARN_NON_LITERAL_NULL_CONVERSION = YES;
				CLANG_WARN_OBJC_IMPLICIT_RETAIN_SELF = YES;
				CLANG_WARN_OBJC_LITERAL_CONVERSION = YES;
				CLANG_WARN_OBJC_ROOT_CLASS = YES_ERROR;
				CLANG_WARN_RANGE_LOOP_ANALYSIS = YES;
				CLANG_WARN_STRICT_PROTOTYPES = YES;
				CLANG_WARN_SUSPICIOUS_MOVE = YES;
				CLANG_WARN_UNGUARDED_AVAILABILITY = YES_AGGRESSIVE;
				CLANG_WARN_UNREACHABLE_CODE = YES;
				CLANG_WARN__DUPLICATE_METHOD_MATCH = YES;
				CODE_SIGN_IDENTITY = "iPhone Developer";
				COPY_PHASE_STRIP = NO;
				DEBUG_INFORMATION_FORMAT = "dwarf-with-dsym";
				ENABLE_NS_ASSERTIONS = NO;
				ENABLE_STRICT_OBJC_MSGSEND = YES;
				GCC_C_LANGUAGE_STANDARD = gnu11;
				GCC_NO_COMMON_BLOCKS = YES;
				GCC_WARN_64_TO_32_BIT_CONVERSION = YES;
				GCC_WARN_ABOUT_RETURN_TYPE = YES_ERROR;
				GCC_WARN_UNDECLARED_SELECTOR = YES;
				GCC_WARN_UNINITIALIZED_AUTOS = YES_AGGRESSIVE;
				GCC_WARN_UNUSED_FUNCTION = YES;
				GCC_WARN_UNUSED_VARIABLE = YES;
				IPHONEOS_DEPLOYMENT_TARGET = 11.4;
				MTL_ENABLE_DEBUG_INFO = NO;
				SDKROOT = iphoneos;
				VALIDATE_PRODUCT = YES;
			};
			name = Release;
		};
		916F38E520C2CC6100C989AC /* Debug */ = {
			isa = XCBuildConfiguration;
			baseConfigurationReference = 010F5454AF991917D533DC06 /* Pods-KLSlideView.debug.xcconfig */;
			buildSettings = {
				ASSETCATALOG_COMPILER_APPICON_NAME = AppIcon;
				CODE_SIGN_STYLE = Automatic;
				DEVELOPMENT_TEAM = T3CUBTCYS7;
				GCC_PRECOMPILE_PREFIX_HEADER = YES;
				GCC_PREFIX_HEADER = "$(SRCROOT)/KLSlideView/PrefixHeader.pch";
				INFOPLIST_FILE = KLSlideView/Info.plist;
				IPHONEOS_DEPLOYMENT_TARGET = 9.0;
				LD_RUNPATH_SEARCH_PATHS = (
					"$(inherited)",
					"@executable_path/Frameworks",
				);
				PRODUCT_BUNDLE_IDENTIFIER = com.developer.KLSlideView;
				PRODUCT_NAME = "$(TARGET_NAME)";
				TARGETED_DEVICE_FAMILY = "1,2";
			};
			name = Debug;
		};
		916F38E620C2CC6100C989AC /* Release */ = {
			isa = XCBuildConfiguration;
			baseConfigurationReference = EF824D720221C3102B012BC2 /* Pods-KLSlideView.release.xcconfig */;
			buildSettings = {
				ASSETCATALOG_COMPILER_APPICON_NAME = AppIcon;
				CODE_SIGN_STYLE = Automatic;
				DEVELOPMENT_TEAM = T3CUBTCYS7;
				GCC_PRECOMPILE_PREFIX_HEADER = YES;
				GCC_PREFIX_HEADER = "$(SRCROOT)/KLSlideView/PrefixHeader.pch";
				INFOPLIST_FILE = KLSlideView/Info.plist;
				IPHONEOS_DEPLOYMENT_TARGET = 9.0;
				LD_RUNPATH_SEARCH_PATHS = (
					"$(inherited)",
					"@executable_path/Frameworks",
				);
				PRODUCT_BUNDLE_IDENTIFIER = com.developer.KLSlideView;
				PRODUCT_NAME = "$(TARGET_NAME)";
				TARGETED_DEVICE_FAMILY = "1,2";
			};
			name = Release;
		};
/* End XCBuildConfiguration section */

/* Begin XCConfigurationList section */
		916F38C920C2CC6000C989AC /* Build configuration list for PBXProject "KLSlideView" */ = {
			isa = XCConfigurationList;
			buildConfigurations = (
				916F38E220C2CC6100C989AC /* Debug */,
				916F38E320C2CC6100C989AC /* Release */,
			);
			defaultConfigurationIsVisible = 0;
			defaultConfigurationName = Release;
		};
		916F38E420C2CC6100C989AC /* Build configuration list for PBXNativeTarget "KLSlideView" */ = {
			isa = XCConfigurationList;
			buildConfigurations = (
				916F38E520C2CC6100C989AC /* Debug */,
				916F38E620C2CC6100C989AC /* Release */,
			);
			defaultConfigurationIsVisible = 0;
			defaultConfigurationName = Release;
		};
/* End XCConfigurationList section */
	};
	rootObject = 916F38C620C2CC6000C989AC /* Project object */;
}
